
Microsoft Visual Studio Solution File, Format Version 12.00
# Visual Studio 15
Project("{FAE04EC0-301F-11D3-BF4B-00C04F79EFBC}") = "MLtest", "MLtest\MLtest.csproj", "{C5ED7DF4-694F-46F8-A481-86F9ED8CABCE}"
EndProject
Global
	GlobalSection(SolutionConfigurationPlatforms) = preSolution
		Debug|Any CPU = Debug|Any CPU
		Release|Any CPU = Release|Any CPU
	EndGlobalSection
	GlobalSection(ProjectConfigurationPlatforms) = postSolution
		{C5ED7DF4-694F-46F8-A481-86F9ED8CABCE}.Debug|Any CPU.ActiveCfg = Debug|Any CPU
		{C5ED7DF4-694F-46F8-A481-86F9ED8CABCE}.Debug|Any CPU.Build.0 = Debug|Any CPU
		{C5ED7DF4-694F-46F8-A481-86F9ED8CABCE}.Release|Any CPU.ActiveCfg = Release|Any CPU
		{C5ED7DF4-694F-46F8-A481-86F9ED8CABCE}.Release|Any CPU.Build.0 = Release|Any CPU
	EndGlobalSection
EndGlobal
