
Microsoft Visual Studio Solution File, Format Version 12.00
# Visual Studio Version 16
VisualStudioVersion = 16.0.30524.135
MinimumVisualStudioVersion = 10.0.40219.1
Project("{9A19103F-16F7-4668-BE54-9A1E7A4F7556}") = "HolisticWare.Core.Text", "HolisticWare.Core.Text\HolisticWare.Core.Text.csproj", "{1947A25B-205D-4155-A1E3-61F47DAE9AEC}"
EndProject
Global
	GlobalSection(SolutionConfigurationPlatforms) = preSolution
		Debug|Any CPU = Debug|Any CPU
		Release|Any CPU = Release|Any CPU
	EndGlobalSection
	GlobalSection(ProjectConfigurationPlatforms) = postSolution
		{1947A25B-205D-4155-A1E3-61F47DAE9AEC}.Debug|Any CPU.ActiveCfg = Debug|Any CPU
		{1947A25B-205D-4155-A1E3-61F47DAE9AEC}.Debug|Any CPU.Build.0 = Debug|Any CPU
		{1947A25B-205D-4155-A1E3-61F47DAE9AEC}.Release|Any CPU.ActiveCfg = Release|Any CPU
		{1947A25B-205D-4155-A1E3-61F47DAE9AEC}.Release|Any CPU.Build.0 = Release|Any CPU
	EndGlobalSection
	GlobalSection(SolutionProperties) = preSolution
		HideSolutionNode = FALSE
	EndGlobalSection
	GlobalSection(ExtensibilityGlobals) = postSolution
		SolutionGuid = {CDEA711F-9869-49C5-AFFC-5B7A78032481}
	EndGlobalSection
EndGlobal
